# This file is automatically @generated by Poetry and should not be changed by hand.

[[package]]
name = "imutils"
version = "0.5.4"
description = "A series of convenience functions to make basic image processing functions such as translation, rotation, resizing, skeletonization, displaying Matplotlib images, sorting contours, detecting edges, and much more easier with OpenCV and both Python 2.7 and Python 3."
category = "main"
optional = false
python-versions = "*"
files = [
    {file = "imutils-0.5.4.tar.gz", hash = "sha256:03827a9fca8b5c540305c0844a62591cf35a0caec199cb0f2f0a4a0fb15d8f24"},
]

[metadata]
lock-version = "2.0"
python-versions = "^3.11"
content-hash = "5264d60e9038e44df9d3156ccdf40b0e97a419987f457f0576d828a7f5d11a57"
